
Microsoft Visual Studio Solution File, Format Version 12.00
# Visual Studio Version 17
VisualStudioVersion = 17.4.33205.214
MinimumVisualStudioVersion = 10.0.40219.1
Project("{FAE04EC0-301F-11D3-BF4B-00C04F79EFBC}") = "PhotoTool", "PhotoTool\PhotoTool.csproj", "{22E0177A-FBCC-4C9A-ACF3-E1804649CDD2}"
EndProject
Project("{2150E333-8FDC-42A3-9474-1A3956D46DE8}") = ".nuget", ".nuget", "{EB14F0F3-1543-428C-8958-4DADF66BEA4D}"
	ProjectSection(SolutionItems) = preProject
		.nuget\NuGet.Config = .nuget\NuGet.Config
		.nuget\NuGet.exe = .nuget\NuGet.exe
		.nuget\NuGet.targets = .nuget\NuGet.targets
	EndProjectSection
EndProject
Project("{9A19103F-16F7-4668-BE54-9A1E7A4F7556}") = "PhotoTool.Test", "PhotoTool.Test\PhotoTool.Test.csproj", "{9E577A68-12E8-486D-813E-10C661E84C94}"
EndProject
Project("{9A19103F-16F7-4668-BE54-9A1E7A4F7556}") = "TestApp", "TestApp\TestApp.csproj", "{3768C8D5-FF1A-41A6-9DC8-DB770EBF77AB}"
EndProject
Project("{FAE04EC0-301F-11D3-BF4B-00C04F79EFBC}") = "PhotoToolAI", "PhotoToolAI\PhotoToolAI.csproj", "{347DF533-7B66-4FC7-B177-D482EF6848FB}"
EndProject
Global
	GlobalSection(SolutionConfigurationPlatforms) = preSolution
		Debug|Any CPU = Debug|Any CPU
		Release|Any CPU = Release|Any CPU
	EndGlobalSection
	GlobalSection(ProjectConfigurationPlatforms) = postSolution
		{22E0177A-FBCC-4C9A-ACF3-E1804649CDD2}.Debug|Any CPU.ActiveCfg = Debug|Any CPU
		{22E0177A-FBCC-4C9A-ACF3-E1804649CDD2}.Debug|Any CPU.Build.0 = Debug|Any CPU
		{22E0177A-FBCC-4C9A-ACF3-E1804649CDD2}.Release|Any CPU.ActiveCfg = Release|Any CPU
		{22E0177A-FBCC-4C9A-ACF3-E1804649CDD2}.Release|Any CPU.Build.0 = Release|Any CPU
		{9E577A68-12E8-486D-813E-10C661E84C94}.Debug|Any CPU.ActiveCfg = Debug|Any CPU
		{9E577A68-12E8-486D-813E-10C661E84C94}.Debug|Any CPU.Build.0 = Debug|Any CPU
		{9E577A68-12E8-486D-813E-10C661E84C94}.Release|Any CPU.ActiveCfg = Release|Any CPU
		{9E577A68-12E8-486D-813E-10C661E84C94}.Release|Any CPU.Build.0 = Release|Any CPU
		{3768C8D5-FF1A-41A6-9DC8-DB770EBF77AB}.Debug|Any CPU.ActiveCfg = Debug|Any CPU
		{3768C8D5-FF1A-41A6-9DC8-DB770EBF77AB}.Debug|Any CPU.Build.0 = Debug|Any CPU
		{3768C8D5-FF1A-41A6-9DC8-DB770EBF77AB}.Release|Any CPU.ActiveCfg = Release|Any CPU
		{3768C8D5-FF1A-41A6-9DC8-DB770EBF77AB}.Release|Any CPU.Build.0 = Release|Any CPU
		{347DF533-7B66-4FC7-B177-D482EF6848FB}.Debug|Any CPU.ActiveCfg = Debug|Any CPU
		{347DF533-7B66-4FC7-B177-D482EF6848FB}.Debug|Any CPU.Build.0 = Debug|Any CPU
		{347DF533-7B66-4FC7-B177-D482EF6848FB}.Debug|Any CPU.Deploy.0 = Debug|Any CPU
		{347DF533-7B66-4FC7-B177-D482EF6848FB}.Release|Any CPU.ActiveCfg = Release|Any CPU
		{347DF533-7B66-4FC7-B177-D482EF6848FB}.Release|Any CPU.Build.0 = Release|Any CPU
		{347DF533-7B66-4FC7-B177-D482EF6848FB}.Release|Any CPU.Deploy.0 = Release|Any CPU
	EndGlobalSection
	GlobalSection(SolutionProperties) = preSolution
		HideSolutionNode = FALSE
	EndGlobalSection
	GlobalSection(ExtensibilityGlobals) = postSolution
		SolutionGuid = {56A3A832-171D-43E3-896A-DE2D09039B79}
	EndGlobalSection
EndGlobal
