
Microsoft Visual Studio Solution File, Format Version 12.00
# Visual Studio Version 17
VisualStudioVersion = 17.4.33205.214
MinimumVisualStudioVersion = 10.0.40219.1
Project("{2150E333-8FDC-42A3-9474-1A3956D46DE8}") = ".nuget", ".nuget", "{EB14F0F3-1543-428C-8958-4DADF66BEA4D}"
	ProjectSection(SolutionItems) = preProject
		.nuget\NuGet.Config = .nuget\NuGet.Config
		.nuget\NuGet.exe = .nuget\NuGet.exe
		.nuget\NuGet.targets = .nuget\NuGet.targets
	EndProjectSection
EndProject
Project("{FAE04EC0-301F-11D3-BF4B-00C04F79EFBC}") = "PhotoTool", "PhotoTool\PhotoTool.csproj", "{F5E2E41C-8900-4AF8-AF6E-B17D7F2758F1}"
EndProject
Project("{FAE04EC0-301F-11D3-BF4B-00C04F79EFBC}") = "PhotoTool.Tests", "PhotoTool.Tests\PhotoTool.Tests.csproj", "{599A79EB-0B8B-424E-9223-ABE3DD37E35B}"
EndProject
Global
	GlobalSection(SolutionConfigurationPlatforms) = preSolution
		Debug|Any CPU = Debug|Any CPU
		Debug|ARM64 = Debug|ARM64
		Debug|x64 = Debug|x64
		Debug|x86 = Debug|x86
		Release|Any CPU = Release|Any CPU
		Release|ARM64 = Release|ARM64
		Release|x64 = Release|x64
		Release|x86 = Release|x86
	EndGlobalSection
	GlobalSection(ProjectConfigurationPlatforms) = postSolution
		{F5E2E41C-8900-4AF8-AF6E-B17D7F2758F1}.Debug|Any CPU.ActiveCfg = Debug|Any CPU
		{F5E2E41C-8900-4AF8-AF6E-B17D7F2758F1}.Debug|Any CPU.Build.0 = Debug|Any CPU
		{F5E2E41C-8900-4AF8-AF6E-B17D7F2758F1}.Debug|ARM64.ActiveCfg = Debug|Any CPU
		{F5E2E41C-8900-4AF8-AF6E-B17D7F2758F1}.Debug|ARM64.Build.0 = Debug|Any CPU
		{F5E2E41C-8900-4AF8-AF6E-B17D7F2758F1}.Debug|x64.ActiveCfg = Debug|Any CPU
		{F5E2E41C-8900-4AF8-AF6E-B17D7F2758F1}.Debug|x64.Build.0 = Debug|Any CPU
		{F5E2E41C-8900-4AF8-AF6E-B17D7F2758F1}.Debug|x86.ActiveCfg = Debug|Any CPU
		{F5E2E41C-8900-4AF8-AF6E-B17D7F2758F1}.Debug|x86.Build.0 = Debug|Any CPU
		{F5E2E41C-8900-4AF8-AF6E-B17D7F2758F1}.Release|Any CPU.ActiveCfg = Release|Any CPU
		{F5E2E41C-8900-4AF8-AF6E-B17D7F2758F1}.Release|Any CPU.Build.0 = Release|Any CPU
		{F5E2E41C-8900-4AF8-AF6E-B17D7F2758F1}.Release|ARM64.ActiveCfg = Release|Any CPU
		{F5E2E41C-8900-4AF8-AF6E-B17D7F2758F1}.Release|ARM64.Build.0 = Release|Any CPU
		{F5E2E41C-8900-4AF8-AF6E-B17D7F2758F1}.Release|x64.ActiveCfg = Release|Any CPU
		{F5E2E41C-8900-4AF8-AF6E-B17D7F2758F1}.Release|x64.Build.0 = Release|Any CPU
		{F5E2E41C-8900-4AF8-AF6E-B17D7F2758F1}.Release|x86.ActiveCfg = Release|Any CPU
		{F5E2E41C-8900-4AF8-AF6E-B17D7F2758F1}.Release|x86.Build.0 = Release|Any CPU
		{599A79EB-0B8B-424E-9223-ABE3DD37E35B}.Debug|Any CPU.ActiveCfg = Debug|Any CPU
		{599A79EB-0B8B-424E-9223-ABE3DD37E35B}.Debug|Any CPU.Build.0 = Debug|Any CPU
		{599A79EB-0B8B-424E-9223-ABE3DD37E35B}.Debug|ARM64.ActiveCfg = Debug|Any CPU
		{599A79EB-0B8B-424E-9223-ABE3DD37E35B}.Debug|ARM64.Build.0 = Debug|Any CPU
		{599A79EB-0B8B-424E-9223-ABE3DD37E35B}.Debug|x64.ActiveCfg = Debug|Any CPU
		{599A79EB-0B8B-424E-9223-ABE3DD37E35B}.Debug|x64.Build.0 = Debug|Any CPU
		{599A79EB-0B8B-424E-9223-ABE3DD37E35B}.Debug|x86.ActiveCfg = Debug|Any CPU
		{599A79EB-0B8B-424E-9223-ABE3DD37E35B}.Debug|x86.Build.0 = Debug|Any CPU
		{599A79EB-0B8B-424E-9223-ABE3DD37E35B}.Release|Any CPU.ActiveCfg = Release|Any CPU
		{599A79EB-0B8B-424E-9223-ABE3DD37E35B}.Release|Any CPU.Build.0 = Release|Any CPU
		{599A79EB-0B8B-424E-9223-ABE3DD37E35B}.Release|ARM64.ActiveCfg = Release|Any CPU
		{599A79EB-0B8B-424E-9223-ABE3DD37E35B}.Release|ARM64.Build.0 = Release|Any CPU
		{599A79EB-0B8B-424E-9223-ABE3DD37E35B}.Release|x64.ActiveCfg = Release|Any CPU
		{599A79EB-0B8B-424E-9223-ABE3DD37E35B}.Release|x64.Build.0 = Release|Any CPU
		{599A79EB-0B8B-424E-9223-ABE3DD37E35B}.Release|x86.ActiveCfg = Release|Any CPU
		{599A79EB-0B8B-424E-9223-ABE3DD37E35B}.Release|x86.Build.0 = Release|Any CPU
	EndGlobalSection
	GlobalSection(SolutionProperties) = preSolution
		HideSolutionNode = FALSE
	EndGlobalSection
	GlobalSection(ExtensibilityGlobals) = postSolution
		SolutionGuid = {56A3A832-171D-43E3-896A-DE2D09039B79}
	EndGlobalSection
EndGlobal
